{
  "name": "writing-alchemy",
  "version": "1.0.0",
  "lockfileVersion": 3,
  "requires": true,
  "packages": {
    "": {
      "name": "writing-alchemy",
      "version": "1.0.0",
      "dependencies": {
        "@chenglou/pretext": "latest"
      }
    },
    "node_modules/@chenglou/pretext": {
      "version": "0.0.4",
      "resolved": "https://registry.npmjs.org/@chenglou/pretext/-/pretext-0.0.4.tgz",
      "integrity": "sha512-FnPAFMid1/p1j2V2gRPUVBarGUIb2PhkkC9YNnTOfPtTDgHKh8siO8PP9pCxpFfYlcodWPJpE1UbSHGQqt8pQQ==",
      "license": "MIT"
    }
  }
}
